lockfileVersion: '9.0'

settings:
  autoInstallPeers: true
  excludeLinksFromLockfile: false

importers:

  .:
    dependencies:
      '@aws-sdk/s3-request-presigner':
        specifier: ^3.844.0
        version: 3.844.0

packages:

  '@aws-sdk/core@3.844.0':
    resolution: {integrity: sha512-pfpI54bG5Xf2NkqrDBC2REStXlDXNCw/whORhkEs+Tp5exU872D5QKguzjPA6hH+8Pvbq1qgt5zXMbduISTHJw==}
    engines: {node: '>=18.0.0'}

  '@aws-sdk/middleware-sdk-s3@3.844.0':
    resolution: {integrity: sha512-vOD5reqZszXBWMbZFN3EUar203o2i8gcoTdrymY4GMsAPDsh0k8yd3VJRNPuxT/017tP6G+rQepOGzna4umung==}
    engines: {node: '>=18.0.0'}

  '@aws-sdk/s3-request-presigner@3.844.0':
    resolution: {integrity: sha512-i953TKW1rXbd9G2xEgWoJZDoF0Z1ONRlrXkOKDGOrY/uQhAIPNDz5k6tFcXG5oIaLWW197ShENv3CeEJnhfh3g==}
    engines: {node: '>=18.0.0'}

  '@aws-sdk/signature-v4-multi-region@3.844.0':
    resolution: {integrity: sha512-QC8nocQcZ3Bj7vTnuL47iNhcuUjMC46E2L85mU+sPQo3LN2qBVGSOTF+xSWGvmSFDpkN4ZXUMVeA0cJoJFEDFA==}
    engines: {node: '>=18.0.0'}

  '@aws-sdk/types@3.840.0':
    resolution: {integrity: sha512-xliuHaUFZxEx1NSXeLLZ9Dyu6+EJVQKEoD+yM+zqUo3YDZ7medKJWY6fIOKiPX/N7XbLdBYwajb15Q7IL8KkeA==}
    engines: {node: '>=18.0.0'}

  '@aws-sdk/util-arn-parser@3.804.0':
    resolution: {integrity: sha512-wmBJqn1DRXnZu3b4EkE6CWnoWMo1ZMvlfkqU5zPz67xx1GMaXlDCchFvKAXMjk4jn/L1O3tKnoFDNsoLV1kgNQ==}
    engines: {node: '>=18.0.0'}

  '@aws-sdk/util-format-url@3.840.0':
    resolution: {integrity: sha512-VB1PWyI1TQPiPvg4w7tgUGGQER1xxXPNUqfh3baxUSFi1Oh8wHrDnFywkxLm3NMmgDmnLnSZ5Q326qAoyqKLSg==}
    engines: {node: '>=18.0.0'}

  '@aws-sdk/xml-builder@3.821.0':
    resolution: {integrity: sha512-DIIotRnefVL6DiaHtO6/21DhJ4JZnnIwdNbpwiAhdt/AVbttcE4yw925gsjur0OGv5BTYXQXU3YnANBYnZjuQA==}
    engines: {node: '>=18.0.0'}

  '@smithy/abort-controller@4.0.4':
    resolution: {integrity: sha512-gJnEjZMvigPDQWHrW3oPrFhQtkrgqBkyjj3pCIdF3A5M6vsZODG93KNlfJprv6bp4245bdT32fsHK4kkH3KYDA==}
    engines: {node: '>=18.0.0'}

  '@smithy/core@3.7.0':
    resolution: {integrity: sha512-7ov8hu/4j0uPZv8b27oeOFtIBtlFmM3ibrPv/Omx1uUdoXvcpJ00U+H/OWWC/keAguLlcqwtyL2/jTlSnApgNQ==}
    engines: {node: '>=18.0.0'}

  '@smithy/fetch-http-handler@5.1.0':
    resolution: {integrity: sha512-mADw7MS0bYe2OGKkHYMaqarOXuDwRbO6ArD91XhHcl2ynjGCFF+hvqf0LyQcYxkA1zaWjefSkU7Ne9mqgApSgQ==}
    engines: {node: '>=18.0.0'}

  '@smithy/is-array-buffer@4.0.0':
    resolution: {integrity: sha512-saYhF8ZZNoJDTvJBEWgeBccCg+yvp1CX+ed12yORU3NilJScfc6gfch2oVb4QgxZrGUx3/ZJlb+c/dJbyupxlw==}
    engines: {node: '>=18.0.0'}

  '@smithy/middleware-endpoint@4.1.14':
    resolution: {integrity: sha512-+BGLpK5D93gCcSEceaaYhUD/+OCGXM1IDaq/jKUQ+ujB0PTWlWN85noodKw/IPFZhIKFCNEe19PGd/reUMeLSQ==}
    engines: {node: '>=18.0.0'}

  '@smithy/middleware-serde@4.0.8':
    resolution: {integrity: sha512-iSSl7HJoJaGyMIoNn2B7czghOVwJ9nD7TMvLhMWeSB5vt0TnEYyRRqPJu/TqW76WScaNvYYB8nRoiBHR9S1Ddw==}
    engines: {node: '>=18.0.0'}

  '@smithy/middleware-stack@4.0.4':
    resolution: {integrity: sha512-kagK5ggDrBUCCzI93ft6DjteNSfY8Ulr83UtySog/h09lTIOAJ/xUSObutanlPT0nhoHAkpmW9V5K8oPyLh+QA==}
    engines: {node: '>=18.0.0'}

  '@smithy/node-config-provider@4.1.3':
    resolution: {integrity: sha512-HGHQr2s59qaU1lrVH6MbLlmOBxadtzTsoO4c+bF5asdgVik3I8o7JIOzoeqWc5MjVa+vD36/LWE0iXKpNqooRw==}
    engines: {node: '>=18.0.0'}

  '@smithy/node-http-handler@4.1.0':
    resolution: {integrity: sha512-vqfSiHz2v8b3TTTrdXi03vNz1KLYYS3bhHCDv36FYDqxT7jvTll1mMnCrkD+gOvgwybuunh/2VmvOMqwBegxEg==}
    engines: {node: '>=18.0.0'}

  '@smithy/property-provider@4.0.4':
    resolution: {integrity: sha512-qHJ2sSgu4FqF4U/5UUp4DhXNmdTrgmoAai6oQiM+c5RZ/sbDwJ12qxB1M6FnP+Tn/ggkPZf9ccn4jqKSINaquw==}
    engines: {node: '>=18.0.0'}

  '@smithy/protocol-http@5.1.2':
    resolution: {integrity: sha512-rOG5cNLBXovxIrICSBm95dLqzfvxjEmuZx4KK3hWwPFHGdW3lxY0fZNXfv2zebfRO7sJZ5pKJYHScsqopeIWtQ==}
    engines: {node: '>=18.0.0'}

  '@smithy/querystring-builder@4.0.4':
    resolution: {integrity: sha512-SwREZcDnEYoh9tLNgMbpop+UTGq44Hl9tdj3rf+yeLcfH7+J8OXEBaMc2kDxtyRHu8BhSg9ADEx0gFHvpJgU8w==}
    engines: {node: '>=18.0.0'}

  '@smithy/querystring-parser@4.0.4':
    resolution: {integrity: sha512-6yZf53i/qB8gRHH/l2ZwUG5xgkPgQF15/KxH0DdXMDHjesA9MeZje/853ifkSY0x4m5S+dfDZ+c4x439PF0M2w==}
    engines: {node: '>=18.0.0'}

  '@smithy/shared-ini-file-loader@4.0.4':
    resolution: {integrity: sha512-63X0260LoFBjrHifPDs+nM9tV0VMkOTl4JRMYNuKh/f5PauSjowTfvF3LogfkWdcPoxsA9UjqEOgjeYIbhb7Nw==}
    engines: {node: '>=18.0.0'}

  '@smithy/signature-v4@5.1.2':
    resolution: {integrity: sha512-d3+U/VpX7a60seHziWnVZOHuEgJlclufjkS6zhXvxcJgkJq4UWdH5eOBLzHRMx6gXjsdT9h6lfpmLzbrdupHgQ==}
    engines: {node: '>=18.0.0'}

  '@smithy/smithy-client@4.4.6':
    resolution: {integrity: sha512-3wfhywdzB/CFszP6moa5L3lf5/zSfQoH0kvVSdkyK2az5qZet0sn2PAHjcTDiq296Y4RP5yxF7B6S6+3oeBUCQ==}
    engines: {node: '>=18.0.0'}

  '@smithy/types@4.3.1':
    resolution: {integrity: sha512-UqKOQBL2x6+HWl3P+3QqFD4ncKq0I8Nuz9QItGv5WuKuMHuuwlhvqcZCoXGfc+P1QmfJE7VieykoYYmrOoFJxA==}
    engines: {node: '>=18.0.0'}

  '@smithy/url-parser@4.0.4':
    resolution: {integrity: sha512-eMkc144MuN7B0TDA4U2fKs+BqczVbk3W+qIvcoCY6D1JY3hnAdCuhCZODC+GAeaxj0p6Jroz4+XMUn3PCxQQeQ==}
    engines: {node: '>=18.0.0'}

  '@smithy/util-base64@4.0.0':
    resolution: {integrity: sha512-CvHfCmO2mchox9kjrtzoHkWHxjHZzaFojLc8quxXY7WAAMAg43nuxwv95tATVgQFNDwd4M9S1qFzj40Ul41Kmg==}
    engines: {node: '>=18.0.0'}

  '@smithy/util-body-length-browser@4.0.0':
    resolution: {integrity: sha512-sNi3DL0/k64/LO3A256M+m3CDdG6V7WKWHdAiBBMUN8S3hK3aMPhwnPik2A/a2ONN+9doY9UxaLfgqsIRg69QA==}
    engines: {node: '>=18.0.0'}

  '@smithy/util-buffer-from@4.0.0':
    resolution: {integrity: sha512-9TOQ7781sZvddgO8nxueKi3+yGvkY35kotA0Y6BWRajAv8jjmigQ1sBwz0UX47pQMYXJPahSKEKYFgt+rXdcug==}
    engines: {node: '>=18.0.0'}

  '@smithy/util-config-provider@4.0.0':
    resolution: {integrity: sha512-L1RBVzLyfE8OXH+1hsJ8p+acNUSirQnWQ6/EgpchV88G6zGBTDPdXiiExei6Z1wR2RxYvxY/XLw6AMNCCt8H3w==}
    engines: {node: '>=18.0.0'}

  '@smithy/util-hex-encoding@4.0.0':
    resolution: {integrity: sha512-Yk5mLhHtfIgW2W2WQZWSg5kuMZCVbvhFmC7rV4IO2QqnZdbEFPmQnCcGMAX2z/8Qj3B9hYYNjZOhWym+RwhePw==}
    engines: {node: '>=18.0.0'}

  '@smithy/util-middleware@4.0.4':
    resolution: {integrity: sha512-9MLKmkBmf4PRb0ONJikCbCwORACcil6gUWojwARCClT7RmLzF04hUR4WdRprIXal7XVyrddadYNfp2eF3nrvtQ==}
    engines: {node: '>=18.0.0'}

  '@smithy/util-stream@4.2.3':
    resolution: {integrity: sha512-cQn412DWHHFNKrQfbHY8vSFI3nTROY1aIKji9N0tpp8gUABRilr7wdf8fqBbSlXresobM+tQFNk6I+0LXK/YZg==}
    engines: {node: '>=18.0.0'}

  '@smithy/util-uri-escape@4.0.0':
    resolution: {integrity: sha512-77yfbCbQMtgtTylO9itEAdpPXSog3ZxMe09AEhm0dU0NLTalV70ghDZFR+Nfi1C60jnJoh/Re4090/DuZh2Omg==}
    engines: {node: '>=18.0.0'}

  '@smithy/util-utf8@4.0.0':
    resolution: {integrity: sha512-b+zebfKCfRdgNJDknHCob3O7FpeYQN6ZG6YLExMcasDHsCXlsXCEuiPZeLnJLpwa5dvPetGlnGCiMHuLwGvFow==}
    engines: {node: '>=18.0.0'}

  fast-xml-parser@5.2.5:
    resolution: {integrity: sha512-pfX9uG9Ki0yekDHx2SiuRIyFdyAr1kMIMitPvb0YBo8SUfKvia7w7FIyd/l6av85pFYRhZscS75MwMnbvY+hcQ==}
    hasBin: true

  strnum@2.1.1:
    resolution: {integrity: sha512-7ZvoFTiCnGxBtDqJ//Cu6fWtZtc7Y3x+QOirG15wztbdngGSkht27o2pyGWrVy0b4WAy3jbKmnoK6g5VlVNUUw==}

  tslib@2.8.1:
    resolution: {integrity: sha512-oJFu94HQb+KVduSUQL7wnpmqnfmLsOA/nAh6b6EH0wCEoK0/mPeXU6c3wKDV83MkOuHPRHtSXKKU99IBazS/2w==}

snapshots:

  '@aws-sdk/core@3.844.0':
    dependencies:
      '@aws-sdk/types': 3.840.0
      '@aws-sdk/xml-builder': 3.821.0
      '@smithy/core': 3.7.0
      '@smithy/node-config-provider': 4.1.3
      '@smithy/property-provider': 4.0.4
      '@smithy/protocol-http': 5.1.2
      '@smithy/signature-v4': 5.1.2
      '@smithy/smithy-client': 4.4.6
      '@smithy/types': 4.3.1
      '@smithy/util-base64': 4.0.0
      '@smithy/util-body-length-browser': 4.0.0
      '@smithy/util-middleware': 4.0.4
      '@smithy/util-utf8': 4.0.0
      fast-xml-parser: 5.2.5
      tslib: 2.8.1

  '@aws-sdk/middleware-sdk-s3@3.844.0':
    dependencies:
      '@aws-sdk/core': 3.844.0
      '@aws-sdk/types': 3.840.0
      '@aws-sdk/util-arn-parser': 3.804.0
      '@smithy/core': 3.7.0
      '@smithy/node-config-provider': 4.1.3
      '@smithy/protocol-http': 5.1.2
      '@smithy/signature-v4': 5.1.2
      '@smithy/smithy-client': 4.4.6
      '@smithy/types': 4.3.1
      '@smithy/util-config-provider': 4.0.0
      '@smithy/util-middleware': 4.0.4
      '@smithy/util-stream': 4.2.3
      '@smithy/util-utf8': 4.0.0
      tslib: 2.8.1

  '@aws-sdk/s3-request-presigner@3.844.0':
    dependencies:
      '@aws-sdk/signature-v4-multi-region': 3.844.0
      '@aws-sdk/types': 3.840.0
      '@aws-sdk/util-format-url': 3.840.0
      '@smithy/middleware-endpoint': 4.1.14
      '@smithy/protocol-http': 5.1.2
      '@smithy/smithy-client': 4.4.6
      '@smithy/types': 4.3.1
      tslib: 2.8.1

  '@aws-sdk/signature-v4-multi-region@3.844.0':
    dependencies:
      '@aws-sdk/middleware-sdk-s3': 3.844.0
      '@aws-sdk/types': 3.840.0
      '@smithy/protocol-http': 5.1.2
      '@smithy/signature-v4': 5.1.2
      '@smithy/types': 4.3.1
      tslib: 2.8.1

  '@aws-sdk/types@3.840.0':
    dependencies:
      '@smithy/types': 4.3.1
      tslib: 2.8.1

  '@aws-sdk/util-arn-parser@3.804.0':
    dependencies:
      tslib: 2.8.1

  '@aws-sdk/util-format-url@3.840.0':
    dependencies:
      '@aws-sdk/types': 3.840.0
      '@smithy/querystring-builder': 4.0.4
      '@smithy/types': 4.3.1
      tslib: 2.8.1

  '@aws-sdk/xml-builder@3.821.0':
    dependencies:
      '@smithy/types': 4.3.1
      tslib: 2.8.1

  '@smithy/abort-controller@4.0.4':
    dependencies:
      '@smithy/types': 4.3.1
      tslib: 2.8.1

  '@smithy/core@3.7.0':
    dependencies:
      '@smithy/middleware-serde': 4.0.8
      '@smithy/protocol-http': 5.1.2
      '@smithy/types': 4.3.1
      '@smithy/util-base64': 4.0.0
      '@smithy/util-body-length-browser': 4.0.0
      '@smithy/util-middleware': 4.0.4
      '@smithy/util-stream': 4.2.3
      '@smithy/util-utf8': 4.0.0
      tslib: 2.8.1

  '@smithy/fetch-http-handler@5.1.0':
    dependencies:
      '@smithy/protocol-http': 5.1.2
      '@smithy/querystring-builder': 4.0.4
      '@smithy/types': 4.3.1
      '@smithy/util-base64': 4.0.0
      tslib: 2.8.1

  '@smithy/is-array-buffer@4.0.0':
    dependencies:
      tslib: 2.8.1

  '@smithy/middleware-endpoint@4.1.14':
    dependencies:
      '@smithy/core': 3.7.0
      '@smithy/middleware-serde': 4.0.8
      '@smithy/node-config-provider': 4.1.3
      '@smithy/shared-ini-file-loader': 4.0.4
      '@smithy/types': 4.3.1
      '@smithy/url-parser': 4.0.4
      '@smithy/util-middleware': 4.0.4
      tslib: 2.8.1

  '@smithy/middleware-serde@4.0.8':
    dependencies:
      '@smithy/protocol-http': 5.1.2
      '@smithy/types': 4.3.1
      tslib: 2.8.1

  '@smithy/middleware-stack@4.0.4':
    dependencies:
      '@smithy/types': 4.3.1
      tslib: 2.8.1

  '@smithy/node-config-provider@4.1.3':
    dependencies:
      '@smithy/property-provider': 4.0.4
      '@smithy/shared-ini-file-loader': 4.0.4
      '@smithy/types': 4.3.1
      tslib: 2.8.1

  '@smithy/node-http-handler@4.1.0':
    dependencies:
      '@smithy/abort-controller': 4.0.4
      '@smithy/protocol-http': 5.1.2
      '@smithy/querystring-builder': 4.0.4
      '@smithy/types': 4.3.1
      tslib: 2.8.1

  '@smithy/property-provider@4.0.4':
    dependencies:
      '@smithy/types': 4.3.1
      tslib: 2.8.1

  '@smithy/protocol-http@5.1.2':
    dependencies:
      '@smithy/types': 4.3.1
      tslib: 2.8.1

  '@smithy/querystring-builder@4.0.4':
    dependencies:
      '@smithy/types': 4.3.1
      '@smithy/util-uri-escape': 4.0.0
      tslib: 2.8.1

  '@smithy/querystring-parser@4.0.4':
    dependencies:
      '@smithy/types': 4.3.1
      tslib: 2.8.1

  '@smithy/shared-ini-file-loader@4.0.4':
    dependencies:
      '@smithy/types': 4.3.1
      tslib: 2.8.1

  '@smithy/signature-v4@5.1.2':
    dependencies:
      '@smithy/is-array-buffer': 4.0.0
      '@smithy/protocol-http': 5.1.2
      '@smithy/types': 4.3.1
      '@smithy/util-hex-encoding': 4.0.0
      '@smithy/util-middleware': 4.0.4
      '@smithy/util-uri-escape': 4.0.0
      '@smithy/util-utf8': 4.0.0
      tslib: 2.8.1

  '@smithy/smithy-client@4.4.6':
    dependencies:
      '@smithy/core': 3.7.0
      '@smithy/middleware-endpoint': 4.1.14
      '@smithy/middleware-stack': 4.0.4
      '@smithy/protocol-http': 5.1.2
      '@smithy/types': 4.3.1
      '@smithy/util-stream': 4.2.3
      tslib: 2.8.1

  '@smithy/types@4.3.1':
    dependencies:
      tslib: 2.8.1

  '@smithy/url-parser@4.0.4':
    dependencies:
      '@smithy/querystring-parser': 4.0.4
      '@smithy/types': 4.3.1
      tslib: 2.8.1

  '@smithy/util-base64@4.0.0':
    dependencies:
      '@smithy/util-buffer-from': 4.0.0
      '@smithy/util-utf8': 4.0.0
      tslib: 2.8.1

  '@smithy/util-body-length-browser@4.0.0':
    dependencies:
      tslib: 2.8.1

  '@smithy/util-buffer-from@4.0.0':
    dependencies:
      '@smithy/is-array-buffer': 4.0.0
      tslib: 2.8.1

  '@smithy/util-config-provider@4.0.0':
    dependencies:
      tslib: 2.8.1

  '@smithy/util-hex-encoding@4.0.0':
    dependencies:
      tslib: 2.8.1

  '@smithy/util-middleware@4.0.4':
    dependencies:
      '@smithy/types': 4.3.1
      tslib: 2.8.1

  '@smithy/util-stream@4.2.3':
    dependencies:
      '@smithy/fetch-http-handler': 5.1.0
      '@smithy/node-http-handler': 4.1.0
      '@smithy/types': 4.3.1
      '@smithy/util-base64': 4.0.0
      '@smithy/util-buffer-from': 4.0.0
      '@smithy/util-hex-encoding': 4.0.0
      '@smithy/util-utf8': 4.0.0
      tslib: 2.8.1

  '@smithy/util-uri-escape@4.0.0':
    dependencies:
      tslib: 2.8.1

  '@smithy/util-utf8@4.0.0':
    dependencies:
      '@smithy/util-buffer-from': 4.0.0
      tslib: 2.8.1

  fast-xml-parser@5.2.5:
    dependencies:
      strnum: 2.1.1

  strnum@2.1.1: {}

  tslib@2.8.1: {}
